
Microsoft Visual Studio Solution File, Format Version 12.00
# Visual Studio Version 17
VisualStudioVersion = 17.14.36915.13
MinimumVisualStudioVersion = 10.0.40219.1
Project("{2150E333-8FDC-42A3-9474-1A3956D46DE8}") = "Src", "Src", "{02EA681E-C7D8-13C7-8484-4AC65E1B71E8}"
EndProject
Project("{2150E333-8FDC-42A3-9474-1A3956D46DE8}") = "Core", "Core", "{8C26A7AF-0E6B-43D6-98B8-B7C7DF14076A}"
EndProject
Project("{2150E333-8FDC-42A3-9474-1A3956D46DE8}") = "Infrastructures", "Infrastructures", "{1016482D-19B0-40C3-AC63-E0F17215CD65}"
EndProject
Project("{2150E333-8FDC-42A3-9474-1A3956D46DE8}") = "Presentations", "Presentations", "{FA422B8A-CC37-4DD9-B46D-47A5EFCBD420}"
EndProject
Project("{FAE04EC0-301F-11D3-BF4B-00C04F79EFBC}") = "Domain", "Domain\Domain.csproj", "{C2E4BE58-67DE-4A62-9C4C-CCC423E610F9}"
EndProject
Project("{FAE04EC0-301F-11D3-BF4B-00C04F79EFBC}") = "Application", "Application\Application.csproj", "{4C95E1CB-20B2-4955-82FF-E759B5E3D28B}"
EndProject
Project("{FAE04EC0-301F-11D3-BF4B-00C04F79EFBC}") = "Infastructure", "Infastructure\Infastructure.csproj", "{E708259F-E2FB-4DFA-B4B5-D0FD06F66A39}"
EndProject
Project("{FAE04EC0-301F-11D3-BF4B-00C04F79EFBC}") = "Persistence", "Persistence\Persistence.csproj", "{519DA66D-4FA3-4EE9-8237-1342C67499B6}"
EndProject
Project("{FAE04EC0-301F-11D3-BF4B-00C04F79EFBC}") = "WebApi", "WebApi\WebApi.csproj", "{84DC13A3-CFAB-4566-B1D5-6DD8069793F3}"
EndProject
Global
	GlobalSection(SolutionConfigurationPlatforms) = preSolution
		Debug|Any CPU = Debug|Any CPU
		Release|Any CPU = Release|Any CPU
	EndGlobalSection
	GlobalSection(ProjectConfigurationPlatforms) = postSolution
		{C2E4BE58-67DE-4A62-9C4C-CCC423E610F9}.Debug|Any CPU.ActiveCfg = Debug|Any CPU
		{C2E4BE58-67DE-4A62-9C4C-CCC423E610F9}.Debug|Any CPU.Build.0 = Debug|Any CPU
		{C2E4BE58-67DE-4A62-9C4C-CCC423E610F9}.Release|Any CPU.ActiveCfg = Release|Any CPU
		{C2E4BE58-67DE-4A62-9C4C-CCC423E610F9}.Release|Any CPU.Build.0 = Release|Any CPU
		{4C95E1CB-20B2-4955-82FF-E759B5E3D28B}.Debug|Any CPU.ActiveCfg = Debug|Any CPU
		{4C95E1CB-20B2-4955-82FF-E759B5E3D28B}.Debug|Any CPU.Build.0 = Debug|Any CPU
		{4C95E1CB-20B2-4955-82FF-E759B5E3D28B}.Release|Any CPU.ActiveCfg = Release|Any CPU
		{4C95E1CB-20B2-4955-82FF-E759B5E3D28B}.Release|Any CPU.Build.0 = Release|Any CPU
		{E708259F-E2FB-4DFA-B4B5-D0FD06F66A39}.Debug|Any CPU.ActiveCfg = Debug|Any CPU
		{E708259F-E2FB-4DFA-B4B5-D0FD06F66A39}.Debug|Any CPU.Build.0 = Debug|Any CPU
		{E708259F-E2FB-4DFA-B4B5-D0FD06F66A39}.Release|Any CPU.ActiveCfg = Release|Any CPU
		{E708259F-E2FB-4DFA-B4B5-D0FD06F66A39}.Release|Any CPU.Build.0 = Release|Any CPU
		{519DA66D-4FA3-4EE9-8237-1342C67499B6}.Debug|Any CPU.ActiveCfg = Debug|Any CPU
		{519DA66D-4FA3-4EE9-8237-1342C67499B6}.Debug|Any CPU.Build.0 = Debug|Any CPU
		{519DA66D-4FA3-4EE9-8237-1342C67499B6}.Release|Any CPU.ActiveCfg = Release|Any CPU
		{519DA66D-4FA3-4EE9-8237-1342C67499B6}.Release|Any CPU.Build.0 = Release|Any CPU
		{84DC13A3-CFAB-4566-B1D5-6DD8069793F3}.Debug|Any CPU.ActiveCfg = Debug|Any CPU
		{84DC13A3-CFAB-4566-B1D5-6DD8069793F3}.Debug|Any CPU.Build.0 = Debug|Any CPU
		{84DC13A3-CFAB-4566-B1D5-6DD8069793F3}.Release|Any CPU.ActiveCfg = Release|Any CPU
		{84DC13A3-CFAB-4566-B1D5-6DD8069793F3}.Release|Any CPU.Build.0 = Release|Any CPU
	EndGlobalSection
	GlobalSection(SolutionProperties) = preSolution
		HideSolutionNode = FALSE
	EndGlobalSection
	GlobalSection(NestedProjects) = preSolution
		{8C26A7AF-0E6B-43D6-98B8-B7C7DF14076A} = {02EA681E-C7D8-13C7-8484-4AC65E1B71E8}
		{1016482D-19B0-40C3-AC63-E0F17215CD65} = {02EA681E-C7D8-13C7-8484-4AC65E1B71E8}
		{FA422B8A-CC37-4DD9-B46D-47A5EFCBD420} = {02EA681E-C7D8-13C7-8484-4AC65E1B71E8}
		{C2E4BE58-67DE-4A62-9C4C-CCC423E610F9} = {8C26A7AF-0E6B-43D6-98B8-B7C7DF14076A}
		{4C95E1CB-20B2-4955-82FF-E759B5E3D28B} = {8C26A7AF-0E6B-43D6-98B8-B7C7DF14076A}
		{E708259F-E2FB-4DFA-B4B5-D0FD06F66A39} = {1016482D-19B0-40C3-AC63-E0F17215CD65}
		{519DA66D-4FA3-4EE9-8237-1342C67499B6} = {1016482D-19B0-40C3-AC63-E0F17215CD65}
		{84DC13A3-CFAB-4566-B1D5-6DD8069793F3} = {FA422B8A-CC37-4DD9-B46D-47A5EFCBD420}
	EndGlobalSection
	GlobalSection(ExtensibilityGlobals) = postSolution
		SolutionGuid = {A6E2F320-70C2-435F-9A43-AD45AA71613C}
	EndGlobalSection
EndGlobal
